
Microsoft Visual Studio Solution File, Format Version 12.00
# Visual Studio Version 16
VisualStudioVersion = 16.0.31613.86
MinimumVisualStudioVersion = 10.0.40219.1
Project("{FAE04EC0-301F-11D3-BF4B-00C04F79EFBC}") = "VehiculesCommon", "VehiculesCommon\VehiculesCommon.csproj", "{D865A1A7-2C46-4BF2-A740-BA6F35272DC1}"
EndProject
Project("{FAE04EC0-301F-11D3-BF4B-00C04F79EFBC}") = "Vehicules.API", "Vehicules.API\Vehicules.API.csproj", "{C40C7FA9-3FA3-44D8-9059-D51D04DFE53F}"
EndProject
Global
	GlobalSection(SolutionConfigurationPlatforms) = preSolution
		Debug|Any CPU = Debug|Any CPU
		Release|Any CPU = Release|Any CPU
	EndGlobalSection
	GlobalSection(ProjectConfigurationPlatforms) = postSolution
		{D865A1A7-2C46-4BF2-A740-BA6F35272DC1}.Debug|Any CPU.ActiveCfg = Debug|Any CPU
		{D865A1A7-2C46-4BF2-A740-BA6F35272DC1}.Debug|Any CPU.Build.0 = Debug|Any CPU
		{D865A1A7-2C46-4BF2-A740-BA6F35272DC1}.Release|Any CPU.ActiveCfg = Release|Any CPU
		{D865A1A7-2C46-4BF2-A740-BA6F35272DC1}.Release|Any CPU.Build.0 = Release|Any CPU
		{C40C7FA9-3FA3-44D8-9059-D51D04DFE53F}.Debug|Any CPU.ActiveCfg = Debug|Any CPU
		{C40C7FA9-3FA3-44D8-9059-D51D04DFE53F}.Debug|Any CPU.Build.0 = Debug|Any CPU
		{C40C7FA9-3FA3-44D8-9059-D51D04DFE53F}.Release|Any CPU.ActiveCfg = Release|Any CPU
		{C40C7FA9-3FA3-44D8-9059-D51D04DFE53F}.Release|Any CPU.Build.0 = Release|Any CPU
	EndGlobalSection
	GlobalSection(SolutionProperties) = preSolution
		HideSolutionNode = FALSE
	EndGlobalSection
	GlobalSection(ExtensibilityGlobals) = postSolution
		SolutionGuid = {A956768E-B3A9-4C97-8272-6FD924E70C14}
	EndGlobalSection
EndGlobal
